
Microsoft Visual Studio Solution File, Format Version 12.00
Project("{FAE04EC0-301F-11D3-BF4B-00C04F79EFBC}") = "PayPilot", "PayPilot\PayPilot.csproj", "{84FEB34A-5542-421B-93DB-FC725D449040}"
EndProject
Global
	GlobalSection(SolutionConfigurationPlatforms) = preSolution
		Debug|Any CPU = Debug|Any CPU
		Release|Any CPU = Release|Any CPU
	EndGlobalSection
	GlobalSection(ProjectConfigurationPlatforms) = postSolution
		{84FEB34A-5542-421B-93DB-FC725D449040}.Debug|Any CPU.ActiveCfg = Debug|Any CPU
		{84FEB34A-5542-421B-93DB-FC725D449040}.Debug|Any CPU.Build.0 = Debug|Any CPU
		{84FEB34A-5542-421B-93DB-FC725D449040}.Release|Any CPU.ActiveCfg = Release|Any CPU
		{84FEB34A-5542-421B-93DB-FC725D449040}.Release|Any CPU.Build.0 = Release|Any CPU
	EndGlobalSection
EndGlobal
